
Microsoft Visual Studio Solution File, Format Version 12.00
# Visual Studio 15
VisualStudioVersion = 15.0.28010.2046
MinimumVisualStudioVersion = 10.0.40219.1
Project("{FAE04EC0-301F-11D3-BF4B-00C04F79EFBC}") = "WarpShield", "WarpShield.csproj", "{E9BD5FD5-EEE7-44E6-A739-ACE8F2E7D8CA}"
EndProject
Global
	GlobalSection(SolutionConfigurationPlatforms) = preSolution
		Debug|Any CPU = Debug|Any CPU
		Release|Any CPU = Release|Any CPU
	EndGlobalSection
	GlobalSection(ProjectConfigurationPlatforms) = postSolution
		{E9BD5FD5-EEE7-44E6-A739-ACE8F2E7D8CA}.Debug|Any CPU.ActiveCfg = Debug|Any CPU
		{E9BD5FD5-EEE7-44E6-A739-ACE8F2E7D8CA}.Debug|Any CPU.Build.0 = Debug|Any CPU
		{E9BD5FD5-EEE7-44E6-A739-ACE8F2E7D8CA}.Release|Any CPU.ActiveCfg = Release|Any CPU
		{E9BD5FD5-EEE7-44E6-A739-ACE8F2E7D8CA}.Release|Any CPU.Build.0 = Release|Any CPU
	EndGlobalSection
	GlobalSection(SolutionProperties) = preSolution
		HideSolutionNode = FALSE
	EndGlobalSection
	GlobalSection(ExtensibilityGlobals) = postSolution
		SolutionGuid = {28BF3008-5D69-416B-94E6-ABA9B39F0C42}
	EndGlobalSection
EndGlobal
