
Microsoft Visual Studio Solution File, Format Version 12.00
# Visual Studio Version 16
VisualStudioVersion = 16.0.29102.190
MinimumVisualStudioVersion = 10.0.40219.1
Project("{FAE04EC0-301F-11D3-BF4B-00C04F79EFBC}") = "FireExtinguisherHolder", "FireExtinguisherHolder\FireExtinguisherHolder.csproj", "{893260B0-B246-44FF-B0A3-01C4500332E2}"
EndProject
Project("{2150E333-8FDC-42A3-9474-1A3956D46DE8}") = "Decoration Mods", "Decoration Mods", "{4340CD0C-98B6-4C3F-8B90-7B8AD1A2D9F7}"
EndProject
Project("{2150E333-8FDC-42A3-9474-1A3956D46DE8}") = "Utilities", "Utilities", "{EC6ED7A7-B75C-4D5B-B297-3F9905354C95}"
EndProject
Project("{D954291E-2A0B-460D-934E-DC6B0785DB48}") = "Common", "Common\Common.shproj", "{FC1E64BF-C119-4C16-9246-A8578C702ABB}"
EndProject
Project("{2150E333-8FDC-42A3-9474-1A3956D46DE8}") = "Utility Mods", "Utility Mods", "{0D585BB8-6C8B-4D73-B9DB-A3C470522555}"
EndProject
Project("{FAE04EC0-301F-11D3-BF4B-00C04F79EFBC}") = "OxStation", "OxStation\OxStation.csproj", "{2AF5E457-E1AF-4BEF-9681-D8138517765E}"
EndProject
Project("{2150E333-8FDC-42A3-9474-1A3956D46DE8}") = "Script Mods", "Script Mods", "{D2E67233-9B4D-4C8B-9899-A4D4EE555A13}"
EndProject
Project("{FAE04EC0-301F-11D3-BF4B-00C04F79EFBC}") = "DropAllOnDeath", "DropAllOnDeath\DropAllOnDeath.csproj", "{01458C4E-3F9D-40A9-AEE5-8CF41FB28A3F}"
EndProject
Global
	GlobalSection(SharedMSBuildProjectFiles) = preSolution
		Common\Common.projitems*{01458c4e-3f9d-40a9-aee5-8cf41fb28a3f}*SharedItemsImports = 4
		Common\Common.projitems*{2af5e457-e1af-4bef-9681-d8138517765e}*SharedItemsImports = 4
		Common\Common.projitems*{893260b0-b246-44ff-b0a3-01c4500332e2}*SharedItemsImports = 4
		Common\Common.projitems*{fc1e64bf-c119-4c16-9246-a8578c702abb}*SharedItemsImports = 13
	EndGlobalSection
	GlobalSection(SolutionConfigurationPlatforms) = preSolution
		Debug|Any CPU = Debug|Any CPU
		Release|Any CPU = Release|Any CPU
	EndGlobalSection
	GlobalSection(ProjectConfigurationPlatforms) = postSolution
		{893260B0-B246-44FF-B0A3-01C4500332E2}.Debug|Any CPU.ActiveCfg = Debug|Any CPU
		{893260B0-B246-44FF-B0A3-01C4500332E2}.Debug|Any CPU.Build.0 = Debug|Any CPU
		{893260B0-B246-44FF-B0A3-01C4500332E2}.Release|Any CPU.ActiveCfg = Release|Any CPU
		{893260B0-B246-44FF-B0A3-01C4500332E2}.Release|Any CPU.Build.0 = Release|Any CPU
		{2AF5E457-E1AF-4BEF-9681-D8138517765E}.Debug|Any CPU.ActiveCfg = Debug|Any CPU
		{2AF5E457-E1AF-4BEF-9681-D8138517765E}.Debug|Any CPU.Build.0 = Debug|Any CPU
		{2AF5E457-E1AF-4BEF-9681-D8138517765E}.Release|Any CPU.ActiveCfg = Release|Any CPU
		{2AF5E457-E1AF-4BEF-9681-D8138517765E}.Release|Any CPU.Build.0 = Release|Any CPU
		{01458C4E-3F9D-40A9-AEE5-8CF41FB28A3F}.Debug|Any CPU.ActiveCfg = Debug|Any CPU
		{01458C4E-3F9D-40A9-AEE5-8CF41FB28A3F}.Debug|Any CPU.Build.0 = Debug|Any CPU
		{01458C4E-3F9D-40A9-AEE5-8CF41FB28A3F}.Release|Any CPU.ActiveCfg = Release|Any CPU
		{01458C4E-3F9D-40A9-AEE5-8CF41FB28A3F}.Release|Any CPU.Build.0 = Release|Any CPU
	EndGlobalSection
	GlobalSection(SolutionProperties) = preSolution
		HideSolutionNode = FALSE
	EndGlobalSection
	GlobalSection(NestedProjects) = preSolution
		{893260B0-B246-44FF-B0A3-01C4500332E2} = {4340CD0C-98B6-4C3F-8B90-7B8AD1A2D9F7}
		{FC1E64BF-C119-4C16-9246-A8578C702ABB} = {EC6ED7A7-B75C-4D5B-B297-3F9905354C95}
		{2AF5E457-E1AF-4BEF-9681-D8138517765E} = {0D585BB8-6C8B-4D73-B9DB-A3C470522555}
		{01458C4E-3F9D-40A9-AEE5-8CF41FB28A3F} = {D2E67233-9B4D-4C8B-9899-A4D4EE555A13}
	EndGlobalSection
	GlobalSection(ExtensibilityGlobals) = postSolution
		SolutionGuid = {DB0ABA49-C20D-43A7-89F0-F935AEDDB56F}
	EndGlobalSection
EndGlobal
