
Microsoft Visual Studio Solution File, Format Version 12.00
# Visual Studio 15
VisualStudioVersion = 15.0.28010.2026
MinimumVisualStudioVersion = 10.0.40219.1
Project("{FAE04EC0-301F-11D3-BF4B-00C04F79EFBC}") = "ScubaManifold", "ScubaManifold\ScubaManifold.csproj", "{0D07F580-B0EB-4D5B-B21E-4ADA61E6AF49}"
EndProject
Project("{FAE04EC0-301F-11D3-BF4B-00C04F79EFBC}") = "PocketRadio", "PocketRadio\PocketRadio.csproj", "{D91E1A32-2668-4F38-862B-37D6B8F4030F}"
EndProject
Project("{D954291E-2A0B-460D-934E-DC6B0785DB48}") = "Common", "Common\Common.shproj", "{6799A4A3-DB8D-4A89-B48A-C10C2302BF52}"
EndProject
Project("{FAE04EC0-301F-11D3-BF4B-00C04F79EFBC}") = "GlobalSeaglideSettings", "GlobalSeaglideSettings\GlobalSeaglideSettings.csproj", "{437E36A0-0EF2-46FC-8026-DBDFA91060D2}"
EndProject
Global
	GlobalSection(SharedMSBuildProjectFiles) = preSolution
		Common\Common.projitems*{437e36a0-0ef2-46fc-8026-dbdfa91060d2}*SharedItemsImports = 4
		Common\Common.projitems*{6799a4a3-db8d-4a89-b48a-c10c2302bf52}*SharedItemsImports = 13
		Common\Common.projitems*{d91e1a32-2668-4f38-862b-37d6b8f4030f}*SharedItemsImports = 4
	EndGlobalSection
	GlobalSection(SolutionConfigurationPlatforms) = preSolution
		Debug|Any CPU = Debug|Any CPU
		Release|Any CPU = Release|Any CPU
	EndGlobalSection
	GlobalSection(ProjectConfigurationPlatforms) = postSolution
		{0D07F580-B0EB-4D5B-B21E-4ADA61E6AF49}.Debug|Any CPU.ActiveCfg = Debug|Any CPU
		{0D07F580-B0EB-4D5B-B21E-4ADA61E6AF49}.Debug|Any CPU.Build.0 = Debug|Any CPU
		{0D07F580-B0EB-4D5B-B21E-4ADA61E6AF49}.Release|Any CPU.ActiveCfg = Release|Any CPU
		{0D07F580-B0EB-4D5B-B21E-4ADA61E6AF49}.Release|Any CPU.Build.0 = Release|Any CPU
		{D91E1A32-2668-4F38-862B-37D6B8F4030F}.Debug|Any CPU.ActiveCfg = Debug|Any CPU
		{D91E1A32-2668-4F38-862B-37D6B8F4030F}.Debug|Any CPU.Build.0 = Debug|Any CPU
		{D91E1A32-2668-4F38-862B-37D6B8F4030F}.Release|Any CPU.ActiveCfg = Release|Any CPU
		{D91E1A32-2668-4F38-862B-37D6B8F4030F}.Release|Any CPU.Build.0 = Release|Any CPU
		{437E36A0-0EF2-46FC-8026-DBDFA91060D2}.Debug|Any CPU.ActiveCfg = Debug|Any CPU
		{437E36A0-0EF2-46FC-8026-DBDFA91060D2}.Debug|Any CPU.Build.0 = Debug|Any CPU
		{437E36A0-0EF2-46FC-8026-DBDFA91060D2}.Release|Any CPU.ActiveCfg = Release|Any CPU
		{437E36A0-0EF2-46FC-8026-DBDFA91060D2}.Release|Any CPU.Build.0 = Release|Any CPU
	EndGlobalSection
	GlobalSection(SolutionProperties) = preSolution
		HideSolutionNode = FALSE
	EndGlobalSection
	GlobalSection(ExtensibilityGlobals) = postSolution
		SolutionGuid = {AA5D4651-2BFB-4BDF-9593-F8F0F7CD8855}
	EndGlobalSection
EndGlobal
