
Microsoft Visual Studio Solution File, Format Version 12.00
# Visual Studio 15
VisualStudioVersion = 15.0.28307.852
MinimumVisualStudioVersion = 10.0.40219.1
Project("{FAE04EC0-301F-11D3-BF4B-00C04F79EFBC}") = "Fahrenheit", "Senna\Fahrenheit.csproj", "{EC9678A7-5A2C-4F3A-A25F-D3E57150F543}"
EndProject
Global
	GlobalSection(SolutionConfigurationPlatforms) = preSolution
		Debug|Any CPU = Debug|Any CPU
		Release|Any CPU = Release|Any CPU
	EndGlobalSection
	GlobalSection(ProjectConfigurationPlatforms) = postSolution
		{EC9678A7-5A2C-4F3A-A25F-D3E57150F543}.Debug|Any CPU.ActiveCfg = Debug|Any CPU
		{EC9678A7-5A2C-4F3A-A25F-D3E57150F543}.Debug|Any CPU.Build.0 = Debug|Any CPU
		{EC9678A7-5A2C-4F3A-A25F-D3E57150F543}.Release|Any CPU.ActiveCfg = Release|Any CPU
		{EC9678A7-5A2C-4F3A-A25F-D3E57150F543}.Release|Any CPU.Build.0 = Release|Any CPU
	EndGlobalSection
	GlobalSection(SolutionProperties) = preSolution
		HideSolutionNode = FALSE
	EndGlobalSection
	GlobalSection(ExtensibilityGlobals) = postSolution
		SolutionGuid = {D0CBD1B5-4371-4413-977C-A6062F341161}
	EndGlobalSection
EndGlobal
